dependencies:
  espressif/esp_lcd_qemu_rgb:
    component_hash: e8981dd7399504a5ab647ce28a4876f8467c03b759895f50c24f0cb6095faaa0
    dependencies:
    - name: idf
      require: private
      version: '>=5.3'
    source:
      registry_url: https://components.espressif.com/
      type: service
    version: 1.0.2
  idf:
    source:
      type: idf
    version: 5.5.1
  lvgl/lvgl:
    component_hash: 948bff879a345149b83065535bbc4a026ce9f47498a22881e432a264b9098015
    dependencies: []
    source:
      registry_url: https://components.espressif.com/
      type: service
    version: 8.3.11
direct_dependencies:
- espressif/esp_lcd_qemu_rgb
- lvgl/lvgl
manifest_hash: 5d43e7bc66eed4d27670807b44211a5820b3218f02b7dbdd57bbe0d47c4b6833
target: esp32
version: 2.0.0
